// !$*UTF8*$!
{
	archiveVersion = 1;
	classes = {
	};
	objectVersion = 46;
	objects = {

/* Begin PBXBuildFile section */
		FA460D57170B8776003D851B /* UIKit.framework in Frameworks */ = {isa = PBXBuildFile; fileRef = FA460D56170B8776003D851B /* UIKit.framework */; };
		FA460D59170B8776003D851B /* Foundation.framework in Frameworks */ = {isa = PBXBuildFile; fileRef = FA460D58170B8776003D851B /* Foundation.framework */; };
		FA460D5B170B8777003D851B /* CoreGraphics.framework in Frameworks */ = {isa = PBXBuildFile; fileRef = FA460D5A170B8776003D851B /* CoreGraphics.framework */; };
		FA460D61170B8777003D851B /* InfoPlist.strings in Resources */ = {isa = PBXBuildFile; fileRef = FA460D5F170B8777003D851B /* InfoPlist.strings */; };
		FA460D63170B8777003D851B /* main.m in Sources */ = {isa = PBXBuildFile; fileRef = FA460D62170B8777003D851B /* main.m */; };
		FA460D67170B8777003D851B /* GHAppDelegate.m in Sources */ = {isa = PBXBuildFile; fileRef = FA460D66170B8777003D851B /* GHAppDelegate.m */; };
		FA460D69170B8777003D851B /* Default.png in Resources */ = {isa = PBXBuildFile; fileRef = FA460D68170B8777003D851B /* Default.png */; };
		FA460D6B170B8777003D851B /* Default@2x.png in Resources */ = {isa = PBXBuildFile; fileRef = FA460D6A170B8777003D851B /* Default@2x.png */; };
		FA460D6D170B8777003D851B /* Default-568h@2x.png in Resources */ = {isa = PBXBuildFile; fileRef = FA460D6C170B8777003D851B /* Default-568h@2x.png */; };
		FA460D70170B8777003D851B /* MainStoryboard.storyboard in Resources */ = {isa = PBXBuildFile; fileRef = FA460D6E170B8777003D851B /* MainStoryboard.storyboard */; };
		FA460D73170B8777003D851B /* GHFriendsViewController.m in Sources */ = {isa = PBXBuildFile; fileRef = FA460D72170B8777003D851B /* GHFriendsViewController.m */; };
		FA460D75170B8777003D851B /* first.png in Resources */ = {isa = PBXBuildFile; fileRef = FA460D74170B8777003D851B /* first.png */; };
		FA460D77170B8777003D851B /* first@2x.png in Resources */ = {isa = PBXBuildFile; fileRef = FA460D76170B8777003D851B /* first@2x.png */; };
		FA460D7C170B8777003D851B /* second.png in Resources */ = {isa = PBXBuildFile; fileRef = FA460D7B170B8777003D851B /* second.png */; };
		FA460D7E170B8777003D851B /* second@2x.png in Resources */ = {isa = PBXBuildFile; fileRef = FA460D7D170B8777003D851B /* second@2x.png */; };
		FA460D86170B8777003D851B /* SenTestingKit.framework in Frameworks */ = {isa = PBXBuildFile; fileRef = FA460D85170B8777003D851B /* SenTestingKit.framework */; };
		FA460D87170B8777003D851B /* UIKit.framework in Frameworks */ = {isa = PBXBuildFile; fileRef = FA460D56170B8776003D851B /* UIKit.framework */; };
		FA460D88170B8777003D851B /* Foundation.framework in Frameworks */ = {isa = PBXBuildFile; fileRef = FA460D58170B8776003D851B /* Foundation.framework */; };
		FA460D90170B8777003D851B /* InfoPlist.strings in Resources */ = {isa = PBXBuildFile; fileRef = FA460D8E170B8777003D851B /* InfoPlist.strings */; };
		FA460D93170B8777003D851B /* GiftHearthTests.m in Sources */ = {isa = PBXBuildFile; fileRef = FA460D92170B8777003D851B /* GiftHearthTests.m */; };
		FA460D9F170B96C5003D851B /* FacebookSDK.framework in Frameworks */ = {isa = PBXBuildFile; fileRef = FA460D9E170B96C5003D851B /* FacebookSDK.framework */; };
		FA460DA1170B97EE003D851B /* FacebookSDKResources.bundle in Resources */ = {isa = PBXBuildFile; fileRef = FA460DA0170B97EE003D851B /* FacebookSDKResources.bundle */; };
		FA460DA5170B98A5003D851B /* Accounts.framework in Frameworks */ = {isa = PBXBuildFile; fileRef = FA460DA2170B98A4003D851B /* Accounts.framework */; };
		FA460DA6170B98A5003D851B /* AdSupport.framework in Frameworks */ = {isa = PBXBuildFile; fileRef = FA460DA3170B98A4003D851B /* AdSupport.framework */; };
		FA460DA7170B98A5003D851B /* Social.framework in Frameworks */ = {isa = PBXBuildFile; fileRef = FA460DA4170B98A4003D851B /* Social.framework */; };
		FA460DAD170BC40B003D851B /* fire_02.png in Resources */ = {isa = PBXBuildFile; fileRef = FA460DAC170BC40B003D851B /* fire_02.png */; };
		FA460DAF170BC6EA003D851B /* photos_polaroid.png in Resources */ = {isa = PBXBuildFile; fileRef = FA460DAE170BC6EA003D851B /* photos_polaroid.png */; };
		FA460DB1170BD6DA003D851B /* heart.png in Resources */ = {isa = PBXBuildFile; fileRef = FA460DB0170BD6DA003D851B /* heart.png */; };
		FA460DB4170BD8AD003D851B /* GHTabBarController.m in Sources */ = {isa = PBXBuildFile; fileRef = FA460DB3170BD8AD003D851B /* GHTabBarController.m */; };
		FA460DB7170BDF33003D851B /* GHWishlistViewController.m in Sources */ = {isa = PBXBuildFile; fileRef = FA460DB6170BDF33003D851B /* GHWishlistViewController.m */; };
		FA4F1758170E1CF600ACF0D3 /* CoreData.framework in Frameworks */ = {isa = PBXBuildFile; fileRef = FA4F1757170E1CF600ACF0D3 /* CoreData.framework */; };
		FA4F175A170E1FD500ACF0D3 /* AWSiOSSDK.framework in Frameworks */ = {isa = PBXBuildFile; fileRef = FA4F1759170E1FD500ACF0D3 /* AWSiOSSDK.framework */; };
		FAA8CC7617338E7C007102A8 /* Parse.framework in Frameworks */ = {isa = PBXBuildFile; fileRef = FAA8CC7517338E7C007102A8 /* Parse.framework */; };
		FAA8CC7817338EBA007102A8 /* AudioToolbox.framework in Frameworks */ = {isa = PBXBuildFile; fileRef = FAA8CC7717338EBA007102A8 /* AudioToolbox.framework */; };
		FAA8CC7A17338EC8007102A8 /* CFNetwork.framework in Frameworks */ = {isa = PBXBuildFile; fileRef = FAA8CC7917338EC8007102A8 /* CFNetwork.framework */; };
		FAA8CC7C17338ED4007102A8 /* CoreLocation.framework in Frameworks */ = {isa = PBXBuildFile; fileRef = FAA8CC7B17338ED4007102A8 /* CoreLocation.framework */; };
		FAA8CC7E17338EF1007102A8 /* libz.1.1.3.dylib in Frameworks */ = {isa = PBXBuildFile; fileRef = FAA8CC7D17338EF1007102A8 /* libz.1.1.3.dylib */; };
		FAA8CC8017338F07007102A8 /* MobileCoreServices.framework in Frameworks */ = {isa = PBXBuildFile; fileRef = FAA8CC7F17338F07007102A8 /* MobileCoreServices.framework */; };
		FAA8CC8217338F14007102A8 /* QuartzCore.framework in Frameworks */ = {isa = PBXBuildFile; fileRef = FAA8CC8117338F14007102A8 /* QuartzCore.framework */; };
		FAA8CC8417338F22007102A8 /* Security.framework in Frameworks */ = {isa = PBXBuildFile; fileRef = FAA8CC8317338F22007102A8 /* Security.framework */; };
		FAA8CC8617338F2A007102A8 /* StoreKit.framework in Frameworks */ = {isa = PBXBuildFile; fileRef = FAA8CC8517338F2A007102A8 /* StoreKit.framework */; };
		FAA8CC8817338F2F007102A8 /* SystemConfiguration.framework in Frameworks */ = {isa = PBXBuildFile; fileRef = FAA8CC8717338F2F007102A8 /* SystemConfiguration.framework */; };
		FAA8CC8E173486CD007102A8 /* Friend.m in Sources */ = {isa = PBXBuildFile; fileRef = FAA8CC8D173486CC007102A8 /* Friend.m */; };
		FAA8CC911735BBCF007102A8 /* NewWish.m in Sources */ = {isa = PBXBuildFile; fileRef = FAA8CC901735BBCE007102A8 /* NewWish.m */; };
		FAA8CC94173640AF007102A8 /* GHFriendWishList.m in Sources */ = {isa = PBXBuildFile; fileRef = FAA8CC93173640AF007102A8 /* GHFriendWishList.m */; };
		FAC5451717308B0E00CE8173 /* GHLoginViewController.m in Sources */ = {isa = PBXBuildFile; fileRef = FAC5451617308B0E00CE8173 /* GHLoginViewController.m */; };
		FAC5451A1732F98600CE8173 /* GiftHearthCD.xcdatamodeld in Sources */ = {isa = PBXBuildFile; fileRef = FAC545181732F98600CE8173 /* GiftHearthCD.xcdatamodeld */; };
		FAC5451C1733011100CE8173 /* AppIcon.png in Resources */ = {isa = PBXBuildFile; fileRef = FAC5451B1733011100CE8173 /* AppIcon.png */; };
		FAC5451E173347BB00CE8173 /* login-button-small@2x.png in Resources */ = {isa = PBXBuildFile; fileRef = FAC5451D173347BB00CE8173 /* login-button-small@2x.png */; };
/* End PBXBuildFile section */

/* Begin PBXContainerItemProxy section */
		FA460D89170B8777003D851B /* PBXContainerItemProxy */ = {
			isa = PBXContainerItemProxy;
			containerPortal = FA460D4B170B8776003D851B /* Project object */;
			proxyType = 1;
			remoteGlobalIDString = FA460D52170B8776003D851B;
			remoteInfo = GiftHearth;
		};
/* End PBXContainerItemProxy section */

/* Begin PBXFileReference section */
		FA460D53170B8776003D851B /* GiftHearth.app */ = {isa = PBXFileReference; explicitFileType = wrapper.application; includeInIndex = 0; path = GiftHearth.app; sourceTree = BUILT_PRODUCTS_DIR; };
		FA460D56170B8776003D851B /* UIKit.framework */ = {isa = PBXFileReference; lastKnownFileType = wrapper.framework; name = UIKit.framework; path = System/Library/Frameworks/UIKit.framework; sourceTree = SDKROOT; };
		FA460D58170B8776003D851B /* Foundation.framework */ = {isa = PBXFileReference; lastKnownFileType = wrapper.framework; name = Foundation.framework; path = System/Library/Frameworks/Foundation.framework; sourceTree = SDKROOT; };
		FA460D5A170B8776003D851B /* CoreGraphics.framework */ = {isa = PBXFileReference; lastKnownFileType = wrapper.framework; name = CoreGraphics.framework; path = System/Library/Frameworks/CoreGraphics.framework; sourceTree = SDKROOT; };
		FA460D5E170B8777003D851B /* GiftHearth-Info.plist */ = {isa = PBXFileReference; lastKnownFileType = text.plist.xml; path = "GiftHearth-Info.plist"; sourceTree = "<group>"; };
		FA460D60170B8777003D851B /* en */ = {isa = PBXFileReference; lastKnownFileType = text.plist.strings; name = en; path = en.lproj/InfoPlist.strings; sourceTree = "<group>"; };
		FA460D62170B8777003D851B /* main.m */ = {isa = PBXFileReference; lastKnownFileType = sourcecode.c.objc; path = main.m; sourceTree = "<group>"; };
		FA460D64170B8777003D851B /* GiftHearth-Prefix.pch */ = {isa = PBXFileReference; lastKnownFileType = sourcecode.c.h; path = "GiftHearth-Prefix.pch"; sourceTree = "<group>"; };
		FA460D65170B8777003D851B /* GHAppDelegate.h */ = {isa = PBXFileReference; lastKnownFileType = sourcecode.c.h; path = GHAppDelegate.h; sourceTree = "<group>"; };
		FA460D66170B8777003D851B /* GHAppDelegate.m */ = {isa = PBXFileReference; lastKnownFileType = sourcecode.c.objc; path = GHAppDelegate.m; sourceTree = "<group>"; };
		FA460D68170B8777003D851B /* Default.png */ = {isa = PBXFileReference; lastKnownFileType = image.png; path = Default.png; sourceTree = "<group>"; };
		FA460D6A170B8777003D851B /* Default@2x.png */ = {isa = PBXFileReference; lastKnownFileType = image.png; path = "Default@2x.png"; sourceTree = "<group>"; };
		FA460D6C170B8777003D851B /* Default-568h@2x.png */ = {isa = PBXFileReference; lastKnownFileType = image.png; path = "Default-568h@2x.png"; sourceTree = "<group>"; };
		FA460D6F170B8777003D851B /* en */ = {isa = PBXFileReference; lastKnownFileType = file.storyboard; name = en; path = en.lproj/MainStoryboard.storyboard; sourceTree = "<group>"; };
		FA460D71170B8777003D851B /* GHFriendsViewController.h */ = {isa = PBXFileReference; lastKnownFileType = sourcecode.c.h; path = GHFriendsViewController.h; sourceTree = "<group>"; };
		FA460D72170B8777003D851B /* GHFriendsViewController.m */ = {isa = PBXFileReference; lastKnownFileType = sourcecode.c.objc; path = GHFriendsViewController.m; sourceTree = "<group>"; };
		FA460D74170B8777003D851B /* first.png */ = {isa = PBXFileReference; lastKnownFileType = image.png; path = first.png; sourceTree = "<group>"; };
		FA460D76170B8777003D851B /* first@2x.png */ = {isa = PBXFileReference; lastKnownFileType = image.png; path = "first@2x.png"; sourceTree = "<group>"; };
		FA460D7B170B8777003D851B /* second.png */ = {isa = PBXFileReference; lastKnownFileType = image.png; path = second.png; sourceTree = "<group>"; };
		FA460D7D170B8777003D851B /* second@2x.png */ = {isa = PBXFileReference; lastKnownFileType = image.png; path = "second@2x.png"; sourceTree = "<group>"; };
		FA460D84170B8777003D851B /* GiftHearthTests.octest */ = {isa = PBXFileReference; explicitFileType = wrapper.cfbundle; includeInIndex = 0; path = GiftHearthTests.octest; sourceTree = BUILT_PRODUCTS_DIR; };
		FA460D85170B8777003D851B /* SenTestingKit.framework */ = {isa = PBXFileReference; lastKnownFileType = wrapper.framework; name = SenTestingKit.framework; path = Library/Frameworks/SenTestingKit.framework; sourceTree = DEVELOPER_DIR; };
		FA460D8D170B8777003D851B /* GiftHearthTests-Info.plist */ = {isa = PBXFileReference; lastKnownFileType = text.plist.xml; path = "GiftHearthTests-Info.plist"; sourceTree = "<group>"; };
		FA460D8F170B8777003D851B /* en */ = {isa = PBXFileReference; lastKnownFileType = text.plist.strings; name = en; path = en.lproj/InfoPlist.strings; sourceTree = "<group>"; };
		FA460D91170B8777003D851B /* GiftHearthTests.h */ = {isa = PBXFileReference; lastKnownFileType = sourcecode.c.h; path = GiftHearthTests.h; sourceTree = "<group>"; };
		FA460D92170B8777003D851B /* GiftHearthTests.m */ = {isa = PBXFileReference; lastKnownFileType = sourcecode.c.objc; path = GiftHearthTests.m; sourceTree = "<group>"; };
		FA460D9E170B96C5003D851B /* FacebookSDK.framework */ = {isa = PBXFileReference; lastKnownFileType = wrapper.framework; name = FacebookSDK.framework; path = ../../FacebookSDK/FacebookSDK.framework; sourceTree = "<group>"; };
		FA460DA0170B97EE003D851B /* FacebookSDKResources.bundle */ = {isa = PBXFileReference; lastKnownFileType = "wrapper.plug-in"; name = FacebookSDKResources.bundle; path = ../../FacebookSDK/FacebookSDK.framework/Versions/A/Resources/FacebookSDKResources.bundle; sourceTree = "<group>"; };
		FA460DA2170B98A4003D851B /* Accounts.framework */ = {isa = PBXFileReference; lastKnownFileType = wrapper.framework; name = Accounts.framework; path = System/Library/Frameworks/Accounts.framework; sourceTree = SDKROOT; };
		FA460DA3170B98A4003D851B /* AdSupport.framework */ = {isa = PBXFileReference; lastKnownFileType = wrapper.framework; name = AdSupport.framework; path = System/Library/Frameworks/AdSupport.framework; sourceTree = SDKROOT; };
		FA460DA4170B98A4003D851B /* Social.framework */ = {isa = PBXFileReference; lastKnownFileType = wrapper.framework; name = Social.framework; path = System/Library/Frameworks/Social.framework; sourceTree = SDKROOT; };
		FA460DAC170BC40B003D851B /* fire_02.png */ = {isa = PBXFileReference; lastKnownFileType = image.png; name = fire_02.png; path = "../../../../Downloads/app-bits_free_tabbar_icons/standard/fire_02.png"; sourceTree = "<group>"; };
		FA460DAE170BC6EA003D851B /* photos_polaroid.png */ = {isa = PBXFileReference; lastKnownFileType = image.png; name = photos_polaroid.png; path = "../../../../Downloads/app-bits_free_tabbar_icons/standard/photos_polaroid.png"; sourceTree = "<group>"; };
		FA460DB0170BD6DA003D851B /* heart.png */ = {isa = PBXFileReference; lastKnownFileType = image.png; name = heart.png; path = "../../../../Downloads/app-bits_free_tabbar_icons/standard/heart.png"; sourceTree = "<group>"; };
		FA460DB2170BD8AD003D851B /* GHTabBarController.h */ = {isa = PBXFileReference; fileEncoding = 4; lastKnownFileType = sourcecode.c.h; path = GHTabBarController.h; sourceTree = "<group>"; };
		FA460DB3170BD8AD003D851B /* GHTabBarController.m */ = {isa = PBXFileReference; fileEncoding = 4; lastKnownFileType = sourcecode.c.objc; path = GHTabBarController.m; sourceTree = "<group>"; };
		FA460DB5170BDF33003D851B /* GHWishlistViewController.h */ = {isa = PBXFileReference; fileEncoding = 4; lastKnownFileType = sourcecode.c.h; path = GHWishlistViewController.h; sourceTree = "<group>"; };
		FA460DB6170BDF33003D851B /* GHWishlistViewController.m */ = {isa = PBXFileReference; fileEncoding = 4; lastKnownFileType = sourcecode.c.objc; path = GHWishlistViewController.m; sourceTree = "<group>"; };
		FA4F1757170E1CF600ACF0D3 /* CoreData.framework */ = {isa = PBXFileReference; lastKnownFileType = wrapper.framework; name = CoreData.framework; path = System/Library/Frameworks/CoreData.framework; sourceTree = SDKROOT; };
		FA4F1759170E1FD500ACF0D3 /* AWSiOSSDK.framework */ = {isa = PBXFileReference; lastKnownFileType = wrapper.framework; name = AWSiOSSDK.framework; path = "../../aws-ios-sdk-1.4.6/AWSiOSSDK.framework"; sourceTree = "<group>"; };
		FAA8CC7517338E7C007102A8 /* Parse.framework */ = {isa = PBXFileReference; lastKnownFileType = wrapper.framework; path = Parse.framework; sourceTree = "<group>"; };
		FAA8CC7717338EBA007102A8 /* AudioToolbox.framework */ = {isa = PBXFileReference; lastKnownFileType = wrapper.framework; name = AudioToolbox.framework; path = System/Library/Frameworks/AudioToolbox.framework; sourceTree = SDKROOT; };
		FAA8CC7917338EC8007102A8 /* CFNetwork.framework */ = {isa = PBXFileReference; lastKnownFileType = wrapper.framework; name = CFNetwork.framework; path = System/Library/Frameworks/CFNetwork.framework; sourceTree = SDKROOT; };
		FAA8CC7B17338ED4007102A8 /* CoreLocation.framework */ = {isa = PBXFileReference; lastKnownFileType = wrapper.framework; name = CoreLocation.framework; path = System/Library/Frameworks/CoreLocation.framework; sourceTree = SDKROOT; };
		FAA8CC7D17338EF1007102A8 /* libz.1.1.3.dylib */ = {isa = PBXFileReference; lastKnownFileType = "compiled.mach-o.dylib"; name = libz.1.1.3.dylib; path = usr/lib/libz.1.1.3.dylib; sourceTree = SDKROOT; };
		FAA8CC7F17338F07007102A8 /* MobileCoreServices.framework */ = {isa = PBXFileReference; lastKnownFileType = wrapper.framework; name = MobileCoreServices.framework; path = System/Library/Frameworks/MobileCoreServices.framework; sourceTree = SDKROOT; };
		FAA8CC8117338F14007102A8 /* QuartzCore.framework */ = {isa = PBXFileReference; lastKnownFileType = wrapper.framework; name = QuartzCore.framework; path = System/Library/Frameworks/QuartzCore.framework; sourceTree = SDKROOT; };
		FAA8CC8317338F22007102A8 /* Security.framework */ = {isa = PBXFileReference; lastKnownFileType = wrapper.framework; name = Security.framework; path = System/Library/Frameworks/Security.framework; sourceTree = SDKROOT; };
		FAA8CC8517338F2A007102A8 /* StoreKit.framework */ = {isa = PBXFileReference; lastKnownFileType = wrapper.framework; name = StoreKit.framework; path = System/Library/Frameworks/StoreKit.framework; sourceTree = SDKROOT; };
		FAA8CC8717338F2F007102A8 /* SystemConfiguration.framework */ = {isa = PBXFileReference; lastKnownFileType = wrapper.framework; name = SystemConfiguration.framework; path = System/Library/Frameworks/SystemConfiguration.framework; sourceTree = SDKROOT; };
		FAA8CC8C173486CC007102A8 /* Friend.h */ = {isa = PBXFileReference; fileEncoding = 4; lastKnownFileType = sourcecode.c.h; path = Friend.h; sourceTree = "<group>"; };
		FAA8CC8D173486CC007102A8 /* Friend.m */ = {isa = PBXFileReference; fileEncoding = 4; lastKnownFileType = sourcecode.c.objc; path = Friend.m; sourceTree = "<group>"; };
		FAA8CC8F1735BBCE007102A8 /* NewWish.h */ = {isa = PBXFileReference; fileEncoding = 4; lastKnownFileType = sourcecode.c.h; path = NewWish.h; sourceTree = "<group>"; };
		FAA8CC901735BBCE007102A8 /* NewWish.m */ = {isa = PBXFileReference; fileEncoding = 4; lastKnownFileType = sourcecode.c.objc; path = NewWish.m; sourceTree = "<group>"; };
		FAA8CC92173640AF007102A8 /* GHFriendWishList.h */ = {isa = PBXFileReference; fileEncoding = 4; lastKnownFileType = sourcecode.c.h; path = GHFriendWishList.h; sourceTree = "<group>"; };
		FAA8CC93173640AF007102A8 /* GHFriendWishList.m */ = {isa = PBXFileReference; fileEncoding = 4; lastKnownFileType = sourcecode.c.objc; path = GHFriendWishList.m; sourceTree = "<group>"; };
		FAC5451517308B0E00CE8173 /* GHLoginViewController.h */ = {isa = PBXFileReference; fileEncoding = 4; lastKnownFileType = sourcecode.c.h; path = GHLoginViewController.h; sourceTree = "<group>"; };
		FAC5451617308B0E00CE8173 /* GHLoginViewController.m */ = {isa = PBXFileReference; fileEncoding = 4; lastKnownFileType = sourcecode.c.objc; path = GHLoginViewController.m; sourceTree = "<group>"; };
		FAC545191732F98600CE8173 /* GiftHearthCD.xcdatamodel */ = {isa = PBXFileReference; lastKnownFileType = wrapper.xcdatamodel; path = GiftHearthCD.xcdatamodel; sourceTree = "<group>"; };
		FAC5451B1733011100CE8173 /* AppIcon.png */ = {isa = PBXFileReference; lastKnownFileType = image.png; name = AppIcon.png; path = ../AppIcon.png; sourceTree = "<group>"; };
		FAC5451D173347BB00CE8173 /* login-button-small@2x.png */ = {isa = PBXFileReference; lastKnownFileType = image.png; path = "login-button-small@2x.png"; sourceTree = "<group>"; };
/* End PBXFileReference section */

/* Begin PBXFrameworksBuildPhase section */
		FA460D50170B8776003D851B /* Frameworks */ = {
			isa = PBXFrameworksBuildPhase;
			buildActionMask = 2147483647;
			files = (
				FAA8CC8817338F2F007102A8 /* SystemConfiguration.framework in Frameworks */,
				FAA8CC8617338F2A007102A8 /* StoreKit.framework in Frameworks */,
				FAA8CC8417338F22007102A8 /* Security.framework in Frameworks */,
				FAA8CC8217338F14007102A8 /* QuartzCore.framework in Frameworks */,
				FAA8CC8017338F07007102A8 /* MobileCoreServices.framework in Frameworks */,
				FAA8CC7E17338EF1007102A8 /* libz.1.1.3.dylib in Frameworks */,
				FAA8CC7C17338ED4007102A8 /* CoreLocation.framework in Frameworks */,
				FAA8CC7A17338EC8007102A8 /* CFNetwork.framework in Frameworks */,
				FAA8CC7817338EBA007102A8 /* AudioToolbox.framework in Frameworks */,
				FA4F175A170E1FD500ACF0D3 /* AWSiOSSDK.framework in Frameworks */,
				FA4F1758170E1CF600ACF0D3 /* CoreData.framework in Frameworks */,
				FA460DA5170B98A5003D851B /* Accounts.framework in Frameworks */,
				FA460DA6170B98A5003D851B /* AdSupport.framework in Frameworks */,
				FA460DA7170B98A5003D851B /* Social.framework in Frameworks */,
				FA460D57170B8776003D851B /* UIKit.framework in Frameworks */,
				FA460D59170B8776003D851B /* Foundation.framework in Frameworks */,
				FA460D5B170B8777003D851B /* CoreGraphics.framework in Frameworks */,
				FA460D9F170B96C5003D851B /* FacebookSDK.framework in Frameworks */,
				FAA8CC7617338E7C007102A8 /* Parse.framework in Frameworks */,
			);
			runOnlyForDeploymentPostprocessing = 0;
		};
		FA460D80170B8777003D851B /* Frameworks */ = {
			isa = PBXFrameworksBuildPhase;
			buildActionMask = 2147483647;
			files = (
				FA460D86170B8777003D851B /* SenTestingKit.framework in Frameworks */,
				FA460D87170B8777003D851B /* UIKit.framework in Frameworks */,
				FA460D88170B8777003D851B /* Foundation.framework in Frameworks */,
			);
			runOnlyForDeploymentPostprocessing = 0;
		};
/* End PBXFrameworksBuildPhase section */

/* Begin PBXGroup section */
		FA460D4A170B8776003D851B = {
			isa = PBXGroup;
			children = (
				FA460D5C170B8777003D851B /* GiftHearth */,
				FA460D8B170B8777003D851B /* GiftHearthTests */,
				FA460D55170B8776003D851B /* Frameworks */,
				FA460D54170B8776003D851B /* Products */,
			);
			sourceTree = "<group>";
		};
		FA460D54170B8776003D851B /* Products */ = {
			isa = PBXGroup;
			children = (
				FA460D53170B8776003D851B /* GiftHearth.app */,
				FA460D84170B8777003D851B /* GiftHearthTests.octest */,
			);
			name = Products;
			sourceTree = "<group>";
		};
		FA460D55170B8776003D851B /* Frameworks */ = {
			isa = PBXGroup;
			children = (
				FAA8CC8717338F2F007102A8 /* SystemConfiguration.framework */,
				FAA8CC8517338F2A007102A8 /* StoreKit.framework */,
				FAA8CC8317338F22007102A8 /* Security.framework */,
				FAA8CC8117338F14007102A8 /* QuartzCore.framework */,
				FAA8CC7F17338F07007102A8 /* MobileCoreServices.framework */,
				FAA8CC7D17338EF1007102A8 /* libz.1.1.3.dylib */,
				FAA8CC7B17338ED4007102A8 /* CoreLocation.framework */,
				FAA8CC7917338EC8007102A8 /* CFNetwork.framework */,
				FAA8CC7717338EBA007102A8 /* AudioToolbox.framework */,
				FAA8CC7517338E7C007102A8 /* Parse.framework */,
				FA4F1759170E1FD500ACF0D3 /* AWSiOSSDK.framework */,
				FA4F1757170E1CF600ACF0D3 /* CoreData.framework */,
				FA460DA2170B98A4003D851B /* Accounts.framework */,
				FA460DA3170B98A4003D851B /* AdSupport.framework */,
				FA460DA4170B98A4003D851B /* Social.framework */,
				FA460DA0170B97EE003D851B /* FacebookSDKResources.bundle */,
				FA460D9E170B96C5003D851B /* FacebookSDK.framework */,
				FA460D56170B8776003D851B /* UIKit.framework */,
				FA460D58170B8776003D851B /* Foundation.framework */,
				FA460D5A170B8776003D851B /* CoreGraphics.framework */,
				FA460D85170B8777003D851B /* SenTestingKit.framework */,
			);
			name = Frameworks;
			sourceTree = "<group>";
		};
		FA460D5C170B8777003D851B /* GiftHearth */ = {
			isa = PBXGroup;
			children = (
				FAA8CC8F1735BBCE007102A8 /* NewWish.h */,
				FAA8CC901735BBCE007102A8 /* NewWish.m */,
				FAC545181732F98600CE8173 /* GiftHearthCD.xcdatamodeld */,
				FAA8CC8C173486CC007102A8 /* Friend.h */,
				FAA8CC8D173486CC007102A8 /* Friend.m */,
				FAC5451517308B0E00CE8173 /* GHLoginViewController.h */,
				FAC5451617308B0E00CE8173 /* GHLoginViewController.m */,
				FA460D65170B8777003D851B /* GHAppDelegate.h */,
				FA460D66170B8777003D851B /* GHAppDelegate.m */,
				FAA8CC92173640AF007102A8 /* GHFriendWishList.h */,
				FAA8CC93173640AF007102A8 /* GHFriendWishList.m */,
				FA460DB2170BD8AD003D851B /* GHTabBarController.h */,
				FA460DB3170BD8AD003D851B /* GHTabBarController.m */,
				FA460D71170B8777003D851B /* GHFriendsViewController.h */,
				FA460D72170B8777003D851B /* GHFriendsViewController.m */,
				FA460D6E170B8777003D851B /* MainStoryboard.storyboard */,
				FA460DB5170BDF33003D851B /* GHWishlistViewController.h */,
				FA460DB6170BDF33003D851B /* GHWishlistViewController.m */,
				FA460DB0170BD6DA003D851B /* heart.png */,
				FA460DAC170BC40B003D851B /* fire_02.png */,
				FA460DAE170BC6EA003D851B /* photos_polaroid.png */,
				FA460D74170B8777003D851B /* first.png */,
				FA460D76170B8777003D851B /* first@2x.png */,
				FA460D7B170B8777003D851B /* second.png */,
				FA460D7D170B8777003D851B /* second@2x.png */,
				FA460D5D170B8777003D851B /* Supporting Files */,
			);
			path = GiftHearth;
			sourceTree = "<group>";
		};
		FA460D5D170B8777003D851B /* Supporting Files */ = {
			isa = PBXGroup;
			children = (
				FAC5451D173347BB00CE8173 /* login-button-small@2x.png */,
				FA460D5E170B8777003D851B /* GiftHearth-Info.plist */,
				FA460D5F170B8777003D851B /* InfoPlist.strings */,
				FA460D62170B8777003D851B /* main.m */,
				FA460D64170B8777003D851B /* GiftHearth-Prefix.pch */,
				FAC5451B1733011100CE8173 /* AppIcon.png */,
				FA460D68170B8777003D851B /* Default.png */,
				FA460D6A170B8777003D851B /* Default@2x.png */,
				FA460D6C170B8777003D851B /* Default-568h@2x.png */,
			);
			name = "Supporting Files";
			sourceTree = "<group>";
		};
		FA460D8B170B8777003D851B /* GiftHearthTests */ = {
			isa = PBXGroup;
			children = (
				FA460D91170B8777003D851B /* GiftHearthTests.h */,
				FA460D92170B8777003D851B /* GiftHearthTests.m */,
				FA460D8C170B8777003D851B /* Supporting Files */,
			);
			path = GiftHearthTests;
			sourceTree = "<group>";
		};
		FA460D8C170B8777003D851B /* Supporting Files */ = {
			isa = PBXGroup;
			children = (
				FA460D8D170B8777003D851B /* GiftHearthTests-Info.plist */,
				FA460D8E170B8777003D851B /* InfoPlist.strings */,
			);
			name = "Supporting Files";
			sourceTree = "<group>";
		};
/* End PBXGroup section */

/* Begin PBXNativeTarget section */
		FA460D52170B8776003D851B /* GiftHearth */ = {
			isa = PBXNativeTarget;
			buildConfigurationList = FA460D96170B8777003D851B /* Build configuration list for PBXNativeTarget "GiftHearth" */;
			buildPhases = (
				FA460D4F170B8776003D851B /* Sources */,
				FA460D50170B8776003D851B /* Frameworks */,
				FA460D51170B8776003D851B /* Resources */,
			);
			buildRules = (
			);
			dependencies = (
			);
			name = GiftHearth;
			productName = GiftHearth;
			productReference = FA460D53170B8776003D851B /* GiftHearth.app */;
			productType = "com.apple.product-type.application";
		};
		FA460D83170B8777003D851B /* GiftHearthTests */ = {
			isa = PBXNativeTarget;
			buildConfigurationList = FA460D99170B8777003D851B /* Build configuration list for PBXNativeTarget "GiftHearthTests" */;
			buildPhases = (
				FA460D7F170B8777003D851B /* Sources */,
				FA460D80170B8777003D851B /* Frameworks */,
				FA460D81170B8777003D851B /* Resources */,
				FA460D82170B8777003D851B /* ShellScript */,
			);
			buildRules = (
			);
			dependencies = (
				FA460D8A170B8777003D851B /* PBXTargetDependency */,
			);
			name = GiftHearthTests;
			productName = GiftHearthTests;
			productReference = FA460D84170B8777003D851B /* GiftHearthTests.octest */;
			productType = "com.apple.product-type.bundle";
		};
/* End PBXNativeTarget section */

/* Begin PBXProject section */
		FA460D4B170B8776003D851B /* Project object */ = {
			isa = PBXProject;
			attributes = {
				CLASSPREFIX = AGV;
				LastUpgradeCheck = 0460;
				ORGANIZATIONNAME = Alex;
			};
			buildConfigurationList = FA460D4E170B8776003D851B /* Build configuration list for PBXProject "GiftHearth" */;
			compatibilityVersion = "Xcode 3.2";
			developmentRegion = English;
			hasScannedForEncodings = 0;
			knownRegions = (
				en,
			);
			mainGroup = FA460D4A170B8776003D851B;
			productRefGroup = FA460D54170B8776003D851B /* Products */;
			projectDirPath = "";
			projectRoot = "";
			targets = (
				FA460D52170B8776003D851B /* GiftHearth */,
				FA460D83170B8777003D851B /* GiftHearthTests */,
			);
		};
/* End PBXProject section */

/* Begin PBXResourcesBuildPhase section */
		FA460D51170B8776003D851B /* Resources */ = {
			isa = PBXResourcesBuildPhase;
			buildActionMask = 2147483647;
			files = (
				FA460D61170B8777003D851B /* InfoPlist.strings in Resources */,
				FA460D69170B8777003D851B /* Default.png in Resources */,
				FA460D6B170B8777003D851B /* Default@2x.png in Resources */,
				FA460D6D170B8777003D851B /* Default-568h@2x.png in Resources */,
				FA460D70170B8777003D851B /* MainStoryboard.storyboard in Resources */,
				FA460D75170B8777003D851B /* first.png in Resources */,
				FA460D77170B8777003D851B /* first@2x.png in Resources */,
				FA460D7C170B8777003D851B /* second.png in Resources */,
				FA460D7E170B8777003D851B /* second@2x.png in Resources */,
				FA460DA1170B97EE003D851B /* FacebookSDKResources.bundle in Resources */,
				FA460DAD170BC40B003D851B /* fire_02.png in Resources */,
				FA460DAF170BC6EA003D851B /* photos_polaroid.png in Resources */,
				FA460DB1170BD6DA003D851B /* heart.png in Resources */,
				FAC5451C1733011100CE8173 /* AppIcon.png in Resources */,
				FAC5451E173347BB00CE8173 /* login-button-small@2x.png in Resources */,
			);
			runOnlyForDeploymentPostprocessing = 0;
		};
		FA460D81170B8777003D851B /* Resources */ = {
			isa = PBXResourcesBuildPhase;
			buildActionMask = 2147483647;
			files = (
				FA460D90170B8777003D851B /* InfoPlist.strings in Resources */,
			);
			runOnlyForDeploymentPostprocessing = 0;
		};
/* End PBXResourcesBuildPhase section */

/* Begin PBXShellScriptBuildPhase section */
		FA460D82170B8777003D851B /* ShellScript */ = {
			isa = PBXShellScriptBuildPhase;
			buildActionMask = 2147483647;
			files = (
			);
			inputPaths = (
			);
			outputPaths = (
			);
			runOnlyForDeploymentPostprocessing = 0;
			shellPath = /bin/sh;
			shellScript = "# Run the unit tests in this test bundle.\n\"${SYSTEM_DEVELOPER_DIR}/Tools/RunUnitTests\"\n";
		};
/* End PBXShellScriptBuildPhase section */

/* Begin PBXSourcesBuildPhase section */
		FA460D4F170B8776003D851B /* Sources */ = {
			isa = PBXSourcesBuildPhase;
			buildActionMask = 2147483647;
			files = (
				FA460D63170B8777003D851B /* main.m in Sources */,
				FA460D67170B8777003D851B /* GHAppDelegate.m in Sources */,
				FA460D73170B8777003D851B /* GHFriendsViewController.m in Sources */,
				FA460DB4170BD8AD003D851B /* GHTabBarController.m in Sources */,
				FA460DB7170BDF33003D851B /* GHWishlistViewController.m in Sources */,
				FAC5451717308B0E00CE8173 /* GHLoginViewController.m in Sources */,
				FAC5451A1732F98600CE8173 /* GiftHearthCD.xcdatamodeld in Sources */,
				FAA8CC8E173486CD007102A8 /* Friend.m in Sources */,
				FAA8CC911735BBCF007102A8 /* NewWish.m in Sources */,
				FAA8CC94173640AF007102A8 /* GHFriendWishList.m in Sources */,
			);
			runOnlyForDeploymentPostprocessing = 0;
		};
		FA460D7F170B8777003D851B /* Sources */ = {
			isa = PBXSourcesBuildPhase;
			buildActionMask = 2147483647;
			files = (
				FA460D93170B8777003D851B /* GiftHearthTests.m in Sources */,
			);
			runOnlyForDeploymentPostprocessing = 0;
		};
/* End PBXSourcesBuildPhase section */

/* Begin PBXTargetDependency section */
		FA460D8A170B8777003D851B /* PBXTargetDependency */ = {
			isa = PBXTargetDependency;
			target = FA460D52170B8776003D851B /* GiftHearth */;
			targetProxy = FA460D89170B8777003D851B /* PBXContainerItemProxy */;
		};
/* End PBXTargetDependency section */

/* Begin PBXVariantGroup section */
		FA460D5F170B8777003D851B /* InfoPlist.strings */ = {
			isa = PBXVariantGroup;
			children = (
				FA460D60170B8777003D851B /* en */,
			);
			name = InfoPlist.strings;
			sourceTree = "<group>";
		};
		FA460D6E170B8777003D851B /* MainStoryboard.storyboard */ = {
			isa = PBXVariantGroup;
			children = (
				FA460D6F170B8777003D851B /* en */,
			);
			name = MainStoryboard.storyboard;
			sourceTree = "<group>";
		};
		FA460D8E170B8777003D851B /* InfoPlist.strings */ = {
			isa = PBXVariantGroup;
			children = (
				FA460D8F170B8777003D851B /* en */,
			);
			name = InfoPlist.strings;
			sourceTree = "<group>";
		};
/* End PBXVariantGroup section */

/* Begin XCBuildConfiguration section */
		FA460D94170B8777003D851B /* Debug */ = {
			isa = XCBuildConfiguration;
			buildSettings = {
				ALWAYS_SEARCH_USER_PATHS = NO;
				CLANG_CXX_LANGUAGE_STANDARD = "gnu++0x";
				CLANG_CXX_LIBRARY = "libc++";
				CLANG_ENABLE_OBJC_ARC = YES;
				CLANG_WARN_CONSTANT_CONVERSION = YES;
				CLANG_WARN_EMPTY_BODY = YES;
				CLANG_WARN_ENUM_CONVERSION = YES;
				CLANG_WARN_INT_CONVERSION = YES;
				CLANG_WARN__DUPLICATE_METHOD_MATCH = YES;
				"CODE_SIGN_IDENTITY[sdk=iphoneos*]" = "iPhone Developer";
				COPY_PHASE_STRIP = NO;
				GCC_C_LANGUAGE_STANDARD = gnu99;
				GCC_DYNAMIC_NO_PIC = NO;
				GCC_OPTIMIZATION_LEVEL = 0;
				GCC_PREPROCESSOR_DEFINITIONS = (
					"DEBUG=1",
					"$(inherited)",
				);
				GCC_SYMBOLS_PRIVATE_EXTERN = NO;
				GCC_WARN_ABOUT_RETURN_TYPE = YES;
				GCC_WARN_UNINITIALIZED_AUTOS = YES;
				GCC_WARN_UNUSED_VARIABLE = YES;
				IPHONEOS_DEPLOYMENT_TARGET = 6.1;
				ONLY_ACTIVE_ARCH = YES;
				SDKROOT = iphoneos;
			};
			name = Debug;
		};
		FA460D95170B8777003D851B /* Release */ = {
			isa = XCBuildConfiguration;
			buildSettings = {
				ALWAYS_SEARCH_USER_PATHS = NO;
				CLANG_CXX_LANGUAGE_STANDARD = "gnu++0x";
				CLANG_CXX_LIBRARY = "libc++";
				CLANG_ENABLE_OBJC_ARC = YES;
				CLANG_WARN_CONSTANT_CONVERSION = YES;
				CLANG_WARN_EMPTY_BODY = YES;
				CLANG_WARN_ENUM_CONVERSION = YES;
				CLANG_WARN_INT_CONVERSION = YES;
				CLANG_WARN__DUPLICATE_METHOD_MATCH = YES;
				"CODE_SIGN_IDENTITY[sdk=iphoneos*]" = "iPhone Developer";
				COPY_PHASE_STRIP = YES;
				GCC_C_LANGUAGE_STANDARD = gnu99;
				GCC_WARN_ABOUT_RETURN_TYPE = YES;
				GCC_WARN_UNINITIALIZED_AUTOS = YES;
				GCC_WARN_UNUSED_VARIABLE = YES;
				IPHONEOS_DEPLOYMENT_TARGET = 6.1;
				OTHER_CFLAGS = "-DNS_BLOCK_ASSERTIONS=1";
				SDKROOT = iphoneos;
				VALIDATE_PRODUCT = YES;
			};
			name = Release;
		};
		FA460D97170B8777003D851B /* Debug */ = {
			isa = XCBuildConfiguration;
			buildSettings = {
				FRAMEWORK_SEARCH_PATHS = (
					"$(inherited)",
					"\"$(SRCROOT)/../../FacebookSDK\"",
					"\"$(SRCROOT)/../../aws-ios-sdk-1.4.6\"",
					"\"$(SRCROOT)\"",
				);
				GCC_PRECOMPILE_PREFIX_HEADER = YES;
				GCC_PREFIX_HEADER = "GiftHearth/GiftHearth-Prefix.pch";
				INFOPLIST_FILE = "GiftHearth/GiftHearth-Info.plist";
				OTHER_LDFLAGS = (
					"-lsqlite3.0",
					"-ObjC",
				);
				PRODUCT_NAME = "$(TARGET_NAME)";
				WRAPPER_EXTENSION = app;
			};
			name = Debug;
		};
		FA460D98170B8777003D851B /* Release */ = {
			isa = XCBuildConfiguration;
			buildSettings = {
				FRAMEWORK_SEARCH_PATHS = (
					"$(inherited)",
					"\"$(SRCROOT)/../../FacebookSDK\"",
					"\"$(SRCROOT)/../../aws-ios-sdk-1.4.6\"",
					"\"$(SRCROOT)\"",
				);
				GCC_PRECOMPILE_PREFIX_HEADER = YES;
				GCC_PREFIX_HEADER = "GiftHearth/GiftHearth-Prefix.pch";
				INFOPLIST_FILE = "GiftHearth/GiftHearth-Info.plist";
				OTHER_LDFLAGS = (
					"-lsqlite3.0",
					"-ObjC",
				);
				PRODUCT_NAME = "$(TARGET_NAME)";
				WRAPPER_EXTENSION = app;
			};
			name = Release;
		};
		FA460D9A170B8777003D851B /* Debug */ = {
			isa = XCBuildConfiguration;
			buildSettings = {
				BUNDLE_LOADER = "$(BUILT_PRODUCTS_DIR)/GiftHearth.app/GiftHearth";
				FRAMEWORK_SEARCH_PATHS = (
					"\"$(SDKROOT)/Developer/Library/Frameworks\"",
					"\"$(DEVELOPER_LIBRARY_DIR)/Frameworks\"",
				);
				GCC_PRECOMPILE_PREFIX_HEADER = YES;
				GCC_PREFIX_HEADER = "GiftHearth/GiftHearth-Prefix.pch";
				INFOPLIST_FILE = "GiftHearthTests/GiftHearthTests-Info.plist";
				PRODUCT_NAME = "$(TARGET_NAME)";
				TEST_HOST = "$(BUNDLE_LOADER)";
				WRAPPER_EXTENSION = octest;
			};
			name = Debug;
		};
		FA460D9B170B8777003D851B /* Release */ = {
			isa = XCBuildConfiguration;
			buildSettings = {
				BUNDLE_LOADER = "$(BUILT_PRODUCTS_DIR)/GiftHearth.app/GiftHearth";
				FRAMEWORK_SEARCH_PATHS = (
					"\"$(SDKROOT)/Developer/Library/Frameworks\"",
					"\"$(DEVELOPER_LIBRARY_DIR)/Frameworks\"",
				);
				GCC_PRECOMPILE_PREFIX_HEADER = YES;
				GCC_PREFIX_HEADER = "GiftHearth/GiftHearth-Prefix.pch";
				INFOPLIST_FILE = "GiftHearthTests/GiftHearthTests-Info.plist";
				PRODUCT_NAME = "$(TARGET_NAME)";
				TEST_HOST = "$(BUNDLE_LOADER)";
				WRAPPER_EXTENSION = octest;
			};
			name = Release;
		};
/* End XCBuildConfiguration section */

/* Begin XCConfigurationList section */
		FA460D4E170B8776003D851B /* Build configuration list for PBXProject "GiftHearth" */ = {
			isa = XCConfigurationList;
			buildConfigurations = (
				FA460D94170B8777003D851B /* Debug */,
				FA460D95170B8777003D851B /* Release */,
			);
			defaultConfigurationIsVisible = 0;
			defaultConfigurationName = Release;
		};
		FA460D96170B8777003D851B /* Build configuration list for PBXNativeTarget "GiftHearth" */ = {
			isa = XCConfigurationList;
			buildConfigurations = (
				FA460D97170B8777003D851B /* Debug */,
				FA460D98170B8777003D851B /* Release */,
			);
			defaultConfigurationIsVisible = 0;
			defaultConfigurationName = Release;
		};
		FA460D99170B8777003D851B /* Build configuration list for PBXNativeTarget "GiftHearthTests" */ = {
			isa = XCConfigurationList;
			buildConfigurations = (
				FA460D9A170B8777003D851B /* Debug */,
				FA460D9B170B8777003D851B /* Release */,
			);
			defaultConfigurationIsVisible = 0;
			defaultConfigurationName = Release;
		};
/* End XCConfigurationList section */

/* Begin XCVersionGroup section */
		FAC545181732F98600CE8173 /* GiftHearthCD.xcdatamodeld */ = {
			isa = XCVersionGroup;
			children = (
				FAC545191732F98600CE8173 /* GiftHearthCD.xcdatamodel */,
			);
			currentVersion = FAC545191732F98600CE8173 /* GiftHearthCD.xcdatamodel */;
			path = GiftHearthCD.xcdatamodeld;
			sourceTree = "<group>";
			versionGroupType = wrapper.xcdatamodel;
		};
/* End XCVersionGroup section */
	};
	rootObject = FA460D4B170B8776003D851B /* Project object */;
}
